
Microsoft Visual Studio Solution File, Format Version 12.00
# Visual Studio 14
VisualStudioVersion = 14.0.25420.1
MinimumVisualStudioVersion = 10.0.40219.1
Project("{FAE04EC0-301F-11D3-BF4B-00C04F79EFBC}") = "Top2000App", "Top2000App\Top2000App.csproj", "{6F282588-664E-40AC-8816-648F8A6DC7AB}"
EndProject
Project("{7CF6DF6D-3B04-46F8-A40B-537D21BCA0B4}") = "Documentation1", "Documentation1\Documentation1.shfbproj", "{455CA5F8-2851-4D0E-AB31-AD0B1EB21280}"
EndProject
Project("{FAE04EC0-301F-11D3-BF4B-00C04F79EFBC}") = "Datalayer", "Datalayer\Datalayer.csproj", "{0284E2FC-0A3E-4A49-9C80-553ED8FBFAC4}"
EndProject
Global
	GlobalSection(SolutionConfigurationPlatforms) = preSolution
		Debug|Any CPU = Debug|Any CPU
		Release|Any CPU = Release|Any CPU
	EndGlobalSection
	GlobalSection(ProjectConfigurationPlatforms) = postSolution
		{6F282588-664E-40AC-8816-648F8A6DC7AB}.Debug|Any CPU.ActiveCfg = Debug|Any CPU
		{6F282588-664E-40AC-8816-648F8A6DC7AB}.Debug|Any CPU.Build.0 = Debug|Any CPU
		{6F282588-664E-40AC-8816-648F8A6DC7AB}.Release|Any CPU.ActiveCfg = Release|Any CPU
		{6F282588-664E-40AC-8816-648F8A6DC7AB}.Release|Any CPU.Build.0 = Release|Any CPU
		{455CA5F8-2851-4D0E-AB31-AD0B1EB21280}.Debug|Any CPU.ActiveCfg = Debug|Any CPU
		{455CA5F8-2851-4D0E-AB31-AD0B1EB21280}.Debug|Any CPU.Build.0 = Debug|Any CPU
		{455CA5F8-2851-4D0E-AB31-AD0B1EB21280}.Release|Any CPU.ActiveCfg = Release|Any CPU
		{455CA5F8-2851-4D0E-AB31-AD0B1EB21280}.Release|Any CPU.Build.0 = Release|Any CPU
		{0284E2FC-0A3E-4A49-9C80-553ED8FBFAC4}.Debug|Any CPU.ActiveCfg = Debug|Any CPU
		{0284E2FC-0A3E-4A49-9C80-553ED8FBFAC4}.Debug|Any CPU.Build.0 = Debug|Any CPU
		{0284E2FC-0A3E-4A49-9C80-553ED8FBFAC4}.Release|Any CPU.ActiveCfg = Release|Any CPU
		{0284E2FC-0A3E-4A49-9C80-553ED8FBFAC4}.Release|Any CPU.Build.0 = Release|Any CPU
	EndGlobalSection
	GlobalSection(SolutionProperties) = preSolution
		HideSolutionNode = FALSE
	EndGlobalSection
EndGlobal
